
Microsoft Visual Studio Solution File, Format Version 12.00
# Visual Studio 15
Project("{FAE04EC0-301F-11D3-BF4B-00C04F79EFBC}") = "Koloda", "Koloda\Koloda.csproj", "{611A7C52-269B-451F-A2B6-449357522E47}"
EndProject
Project("{FAE04EC0-301F-11D3-BF4B-00C04F79EFBC}") = "KolodaSample", "KolodaSample\KolodaSample.csproj", "{F04C60C8-BE3F-48CE-91FB-14D02E2F9491}"
EndProject
Global
	GlobalSection(SolutionConfigurationPlatforms) = preSolution
		Debug|Any CPU = Debug|Any CPU
		Release|Any CPU = Release|Any CPU
		Debug|iPhoneSimulator = Debug|iPhoneSimulator
		Release|iPhoneSimulator = Release|iPhoneSimulator
		Debug|iPhone = Debug|iPhone
		Release|iPhone = Release|iPhone
	EndGlobalSection
	GlobalSection(ProjectConfigurationPlatforms) = postSolution
		{611A7C52-269B-451F-A2B6-449357522E47}.Debug|Any CPU.ActiveCfg = Debug|Any CPU
		{611A7C52-269B-451F-A2B6-449357522E47}.Debug|Any CPU.Build.0 = Debug|Any CPU
		{611A7C52-269B-451F-A2B6-449357522E47}.Release|Any CPU.ActiveCfg = Release|Any CPU
		{611A7C52-269B-451F-A2B6-449357522E47}.Release|Any CPU.Build.0 = Release|Any CPU
		{611A7C52-269B-451F-A2B6-449357522E47}.Debug|iPhoneSimulator.ActiveCfg = Debug|Any CPU
		{611A7C52-269B-451F-A2B6-449357522E47}.Debug|iPhoneSimulator.Build.0 = Debug|Any CPU
		{611A7C52-269B-451F-A2B6-449357522E47}.Release|iPhoneSimulator.ActiveCfg = Release|Any CPU
		{611A7C52-269B-451F-A2B6-449357522E47}.Release|iPhoneSimulator.Build.0 = Release|Any CPU
		{611A7C52-269B-451F-A2B6-449357522E47}.Debug|iPhone.ActiveCfg = Debug|Any CPU
		{611A7C52-269B-451F-A2B6-449357522E47}.Debug|iPhone.Build.0 = Debug|Any CPU
		{611A7C52-269B-451F-A2B6-449357522E47}.Release|iPhone.ActiveCfg = Release|Any CPU
		{611A7C52-269B-451F-A2B6-449357522E47}.Release|iPhone.Build.0 = Release|Any CPU
		{F04C60C8-BE3F-48CE-91FB-14D02E2F9491}.Debug|Any CPU.ActiveCfg = Debug|iPhoneSimulator
		{F04C60C8-BE3F-48CE-91FB-14D02E2F9491}.Debug|Any CPU.Build.0 = Debug|iPhoneSimulator
		{F04C60C8-BE3F-48CE-91FB-14D02E2F9491}.Release|Any CPU.ActiveCfg = Release|iPhoneSimulator
		{F04C60C8-BE3F-48CE-91FB-14D02E2F9491}.Release|Any CPU.Build.0 = Release|iPhoneSimulator
		{F04C60C8-BE3F-48CE-91FB-14D02E2F9491}.Debug|iPhoneSimulator.ActiveCfg = Debug|iPhoneSimulator
		{F04C60C8-BE3F-48CE-91FB-14D02E2F9491}.Debug|iPhoneSimulator.Build.0 = Debug|iPhoneSimulator
		{F04C60C8-BE3F-48CE-91FB-14D02E2F9491}.Release|iPhoneSimulator.ActiveCfg = Release|iPhoneSimulator
		{F04C60C8-BE3F-48CE-91FB-14D02E2F9491}.Release|iPhoneSimulator.Build.0 = Release|iPhoneSimulator
		{F04C60C8-BE3F-48CE-91FB-14D02E2F9491}.Debug|iPhone.ActiveCfg = Debug|iPhone
		{F04C60C8-BE3F-48CE-91FB-14D02E2F9491}.Debug|iPhone.Build.0 = Debug|iPhone
		{F04C60C8-BE3F-48CE-91FB-14D02E2F9491}.Release|iPhone.ActiveCfg = Release|iPhone
		{F04C60C8-BE3F-48CE-91FB-14D02E2F9491}.Release|iPhone.Build.0 = Release|iPhone
	EndGlobalSection
EndGlobal
